
Microsoft Visual Studio Solution File, Format Version 12.00
# Visual Studio Version 16
VisualStudioVersion = 16.0.30711.63
MinimumVisualStudioVersion = 10.0.40219.1
Project("{FAE04EC0-301F-11D3-BF4B-00C04F79EFBC}") = "Steimatzky", "steimatzky\Steimatzky.csproj", "{DE05E9FC-B069-4DA2-A67B-667E1FABAE5E}"
EndProject
Project("{FAE04EC0-301F-11D3-BF4B-00C04F79EFBC}") = "steimatzky.Data", "steimatzky.Data\steimatzky.Data.csproj", "{BDB13717-03EB-4958-92B9-5E14EBB8FEEF}"
EndProject
Project("{FAE04EC0-301F-11D3-BF4B-00C04F79EFBC}") = "steimatzky.BusinessLogic", "steimatzky.BusinessLogic\steimatzky.BusinessLogic.csproj", "{3139469C-8D94-44EF-B66C-21DC60C52273}"
EndProject
Project("{FAE04EC0-301F-11D3-BF4B-00C04F79EFBC}") = "steimatzky.Model", "steimatzky.Model\steimatzky.Model.csproj", "{6E26B596-1B89-4A1D-A71A-D8B86F1DF7FA}"
EndProject
Project("{FAE04EC0-301F-11D3-BF4B-00C04F79EFBC}") = "steimatzky.UnitTesting", "steimatzky.UnitTesting\steimatzky.UnitTesting.csproj", "{DB9E852C-C276-4EAB-8F91-412BC194D45B}"
EndProject
Global
	GlobalSection(SolutionConfigurationPlatforms) = preSolution
		Debug|Any CPU = Debug|Any CPU
		Release|Any CPU = Release|Any CPU
	EndGlobalSection
	GlobalSection(ProjectConfigurationPlatforms) = postSolution
		{DE05E9FC-B069-4DA2-A67B-667E1FABAE5E}.Debug|Any CPU.ActiveCfg = Debug|Any CPU
		{DE05E9FC-B069-4DA2-A67B-667E1FABAE5E}.Debug|Any CPU.Build.0 = Debug|Any CPU
		{DE05E9FC-B069-4DA2-A67B-667E1FABAE5E}.Release|Any CPU.ActiveCfg = Release|Any CPU
		{DE05E9FC-B069-4DA2-A67B-667E1FABAE5E}.Release|Any CPU.Build.0 = Release|Any CPU
		{BDB13717-03EB-4958-92B9-5E14EBB8FEEF}.Debug|Any CPU.ActiveCfg = Debug|Any CPU
		{BDB13717-03EB-4958-92B9-5E14EBB8FEEF}.Debug|Any CPU.Build.0 = Debug|Any CPU
		{BDB13717-03EB-4958-92B9-5E14EBB8FEEF}.Release|Any CPU.ActiveCfg = Release|Any CPU
		{BDB13717-03EB-4958-92B9-5E14EBB8FEEF}.Release|Any CPU.Build.0 = Release|Any CPU
		{3139469C-8D94-44EF-B66C-21DC60C52273}.Debug|Any CPU.ActiveCfg = Debug|Any CPU
		{3139469C-8D94-44EF-B66C-21DC60C52273}.Debug|Any CPU.Build.0 = Debug|Any CPU
		{3139469C-8D94-44EF-B66C-21DC60C52273}.Release|Any CPU.ActiveCfg = Release|Any CPU
		{3139469C-8D94-44EF-B66C-21DC60C52273}.Release|Any CPU.Build.0 = Release|Any CPU
		{6E26B596-1B89-4A1D-A71A-D8B86F1DF7FA}.Debug|Any CPU.ActiveCfg = Debug|Any CPU
		{6E26B596-1B89-4A1D-A71A-D8B86F1DF7FA}.Debug|Any CPU.Build.0 = Debug|Any CPU
		{6E26B596-1B89-4A1D-A71A-D8B86F1DF7FA}.Release|Any CPU.ActiveCfg = Release|Any CPU
		{6E26B596-1B89-4A1D-A71A-D8B86F1DF7FA}.Release|Any CPU.Build.0 = Release|Any CPU
		{DB9E852C-C276-4EAB-8F91-412BC194D45B}.Debug|Any CPU.ActiveCfg = Debug|Any CPU
		{DB9E852C-C276-4EAB-8F91-412BC194D45B}.Debug|Any CPU.Build.0 = Debug|Any CPU
		{DB9E852C-C276-4EAB-8F91-412BC194D45B}.Release|Any CPU.ActiveCfg = Release|Any CPU
		{DB9E852C-C276-4EAB-8F91-412BC194D45B}.Release|Any CPU.Build.0 = Release|Any CPU
	EndGlobalSection
	GlobalSection(SolutionProperties) = preSolution
		HideSolutionNode = FALSE
	EndGlobalSection
	GlobalSection(ExtensibilityGlobals) = postSolution
		SolutionGuid = {59C47912-F450-4D25-B1FF-D94E2DB2E221}
	EndGlobalSection
EndGlobal
